
Microsoft Visual Studio Solution File, Format Version 11.00
# Visual C++ Express 2010
Project("{8BC9CEB8-8B4A-11D0-8D11-00A0C91BC942}") = "模式匹配", "模式匹配.vcxproj", "{17070FDB-9D80-442A-A4F2-122F6F74E983}"
EndProject
Global
	GlobalSection(SolutionConfigurationPlatforms) = preSolution
		Debug|Win32 = Debug|Win32
		Release|Win32 = Release|Win32
	EndGlobalSection
	GlobalSection(ProjectConfigurationPlatforms) = postSolution
		{17070FDB-9D80-442A-A4F2-122F6F74E983}.Debug|Win32.ActiveCfg = Debug|Win32
		{17070FDB-9D80-442A-A4F2-122F6F74E983}.Debug|Win32.Build.0 = Debug|Win32
		{17070FDB-9D80-442A-A4F2-122F6F74E983}.Release|Win32.ActiveCfg = Release|Win32
		{17070FDB-9D80-442A-A4F2-122F6F74E983}.Release|Win32.Build.0 = Release|Win32
	EndGlobalSection
	GlobalSection(SolutionProperties) = preSolution
		HideSolutionNode = FALSE
	EndGlobalSection
EndGlobal
