
Microsoft Visual Studio Solution File, Format Version 11.00
# Visual C++ Express 2010
Project("{8BC9CEB8-8B4A-11D0-8D11-00A0C91BC942}") = "贪吃蛇", "贪吃蛇.vcxproj", "{29725955-FD17-4544-B4C4-D8631C7201CD}"
EndProject
Global
	GlobalSection(SolutionConfigurationPlatforms) = preSolution
		Debug|Win32 = Debug|Win32
		Release|Win32 = Release|Win32
	EndGlobalSection
	GlobalSection(ProjectConfigurationPlatforms) = postSolution
		{29725955-FD17-4544-B4C4-D8631C7201CD}.Debug|Win32.ActiveCfg = Debug|Win32
		{29725955-FD17-4544-B4C4-D8631C7201CD}.Debug|Win32.Build.0 = Debug|Win32
		{29725955-FD17-4544-B4C4-D8631C7201CD}.Release|Win32.ActiveCfg = Release|Win32
		{29725955-FD17-4544-B4C4-D8631C7201CD}.Release|Win32.Build.0 = Release|Win32
	EndGlobalSection
	GlobalSection(SolutionProperties) = preSolution
		HideSolutionNode = FALSE
	EndGlobalSection
EndGlobal
